
Microsoft Visual Studio Solution File, Format Version 12.00
# Visual Studio Version 17
VisualStudioVersion = 17.14.36811.4 d17.14
MinimumVisualStudioVersion = 10.0.40219.1
Project("{FAE04EC0-301F-11D3-BF4B-00C04F79EFBC}") = "Labb_3_DanielNilsson", "Labb_3_DanielNilsson.csproj", "{A29A6547-1ED2-4A8C-808D-8922E1C29045}"
EndProject
Global
	GlobalSection(SolutionConfigurationPlatforms) = preSolution
		Debug|Any CPU = Debug|Any CPU
		Release|Any CPU = Release|Any CPU
	EndGlobalSection
	GlobalSection(ProjectConfigurationPlatforms) = postSolution
		{A29A6547-1ED2-4A8C-808D-8922E1C29045}.Debug|Any CPU.ActiveCfg = Debug|Any CPU
		{A29A6547-1ED2-4A8C-808D-8922E1C29045}.Debug|Any CPU.Build.0 = Debug|Any CPU
		{A29A6547-1ED2-4A8C-808D-8922E1C29045}.Release|Any CPU.ActiveCfg = Release|Any CPU
		{A29A6547-1ED2-4A8C-808D-8922E1C29045}.Release|Any CPU.Build.0 = Release|Any CPU
	EndGlobalSection
	GlobalSection(SolutionProperties) = preSolution
		HideSolutionNode = FALSE
	EndGlobalSection
	GlobalSection(ExtensibilityGlobals) = postSolution
		SolutionGuid = {0172F85F-394E-4DE5-B4E7-3DD9DF94BBDB}
	EndGlobalSection
EndGlobal
